
Microsoft Visual Studio Solution File, Format Version 12.00
# Visual Studio Version 17
VisualStudioVersion = 17.6.33801.468
MinimumVisualStudioVersion = 10.0.40219.1
Project("{FAE04EC0-301F-11D3-BF4B-00C04F79EFBC}") = "DoAnCK", "DoAnCK\DoAnCK.csproj", "{A88C33F2-2D19-47D3-A661-DFFCCBFB28EB}"
EndProject
Global
	GlobalSection(SolutionConfigurationPlatforms) = preSolution
		Debug|Any CPU = Debug|Any CPU
		Release|Any CPU = Release|Any CPU
	EndGlobalSection
	GlobalSection(ProjectConfigurationPlatforms) = postSolution
		{A88C33F2-2D19-47D3-A661-DFFCCBFB28EB}.Debug|Any CPU.ActiveCfg = Debug|Any CPU
		{A88C33F2-2D19-47D3-A661-DFFCCBFB28EB}.Debug|Any CPU.Build.0 = Debug|Any CPU
		{A88C33F2-2D19-47D3-A661-DFFCCBFB28EB}.Release|Any CPU.ActiveCfg = Release|Any CPU
		{A88C33F2-2D19-47D3-A661-DFFCCBFB28EB}.Release|Any CPU.Build.0 = Release|Any CPU
	EndGlobalSection
	GlobalSection(SolutionProperties) = preSolution
		HideSolutionNode = FALSE
	EndGlobalSection
	GlobalSection(ExtensibilityGlobals) = postSolution
		SolutionGuid = {1B4942A7-BC28-46A5-9195-A5FAA0A5D218}
	EndGlobalSection
EndGlobal
